
Microsoft Visual Studio Solution File, Format Version 12.00
# Visual Studio Version 17
VisualStudioVersion = 17.4.33103.184
MinimumVisualStudioVersion = 10.0.40219.1
Project("{FAE04EC0-301F-11D3-BF4B-00C04F79EFBC}") = "PlayingWithDotNet7", "PlayingWithDotNet7\PlayingWithDotNet7.csproj", "{AB1DDA9F-355C-4EFF-BF8D-13D34A9F1470}"
EndProject
Global
	GlobalSection(SolutionConfigurationPlatforms) = preSolution
		Debug|Any CPU = Debug|Any CPU
		Release|Any CPU = Release|Any CPU
	EndGlobalSection
	GlobalSection(ProjectConfigurationPlatforms) = postSolution
		{AB1DDA9F-355C-4EFF-BF8D-13D34A9F1470}.Debug|Any CPU.ActiveCfg = Debug|Any CPU
		{AB1DDA9F-355C-4EFF-BF8D-13D34A9F1470}.Debug|Any CPU.Build.0 = Debug|Any CPU
		{AB1DDA9F-355C-4EFF-BF8D-13D34A9F1470}.Release|Any CPU.ActiveCfg = Release|Any CPU
		{AB1DDA9F-355C-4EFF-BF8D-13D34A9F1470}.Release|Any CPU.Build.0 = Release|Any CPU
	EndGlobalSection
	GlobalSection(SolutionProperties) = preSolution
		HideSolutionNode = FALSE
	EndGlobalSection
	GlobalSection(ExtensibilityGlobals) = postSolution
		SolutionGuid = {F6B20F24-06CA-4DF0-B0BB-9426F61A1799}
	EndGlobalSection
EndGlobal
